
Microsoft Visual Studio Solution File, Format Version 12.00
# Visual Studio Version 17
VisualStudioVersion = 17.14.36301.6 d17.14
MinimumVisualStudioVersion = 10.0.40219.1
Project("{FAE04EC0-301F-11D3-BF4B-00C04F79EFBC}") = "FazendaLibrary", "FazendaLibrary\FazendaLibrary.csproj", "{84CA86EB-A77E-4368-A808-C4D5E11E1527}"
EndProject
Global
	GlobalSection(SolutionConfigurationPlatforms) = preSolution
		Debug|Any CPU = Debug|Any CPU
		Release|Any CPU = Release|Any CPU
	EndGlobalSection
	GlobalSection(ProjectConfigurationPlatforms) = postSolution
		{84CA86EB-A77E-4368-A808-C4D5E11E1527}.Debug|Any CPU.ActiveCfg = Debug|Any CPU
		{84CA86EB-A77E-4368-A808-C4D5E11E1527}.Debug|Any CPU.Build.0 = Debug|Any CPU
		{84CA86EB-A77E-4368-A808-C4D5E11E1527}.Release|Any CPU.ActiveCfg = Release|Any CPU
		{84CA86EB-A77E-4368-A808-C4D5E11E1527}.Release|Any CPU.Build.0 = Release|Any CPU
	EndGlobalSection
	GlobalSection(SolutionProperties) = preSolution
		HideSolutionNode = FALSE
	EndGlobalSection
	GlobalSection(ExtensibilityGlobals) = postSolution
		SolutionGuid = {9C338937-C0BC-4116-B9A0-CA21A3DD5AB9}
	EndGlobalSection
EndGlobal
